PODS:
  - agora_rtc_engine (4.0.1):
    - AgoraRtcEngine_iOS (= 3.4.2)
    - Flutter
  - agora_uikit (0.0.1):
    - Flutter
  - AgoraRtcEngine_iOS (3.4.2)
  - Flutter (1.0.0)
  - "permission_handler (5.1.0+2)":
    - Flutter

DEPENDENCIES:
  - agora_rtc_engine (from `.symlinks/plugins/agora_rtc_engine/ios`)
  - agora_uikit (from `.symlinks/plugins/agora_uikit/ios`)
  - Flutter (from `Flutter`)
  - permission_handler (from `.symlinks/plugins/permission_handler/ios`)

SPEC REPOS:
  trunk:
    - AgoraRtcEngine_iOS

EXTERNAL SOURCES:
  agora_rtc_engine:
    :path: ".symlinks/plugins/agora_rtc_engine/ios"
  agora_uikit:
    :path: ".symlinks/plugins/agora_uikit/ios"
  Flutter:
    :path: Flutter
  permission_handler:
    :path: ".symlinks/plugins/permission_handler/ios"

SPEC CHECKSUMS:
  agora_rtc_engine: c8614d106bde012b8f482c088d88812ec983fc70
  agora_uikit: ca47b21e2af19474ddd8ec153670c2dc8cf3a9e8
  AgoraRtcEngine_iOS: 3a4d64f2866ffc122e090a693153bb673021f6fe
  Flutter: 434fef37c0980e73bb6479ef766c45957d4b510c
  permission_handler: ccb20a9fad0ee9b1314a52b70b76b473c5f8dab0

PODFILE CHECKSUM: aafe91acc616949ddb318b77800a7f51bffa2a4c

COCOAPODS: 1.10.1
